
Microsoft Visual Studio Solution File, Format Version 12.00
# Visual Studio Version 16
VisualStudioVersion = 16.0.30114.105
MinimumVisualStudioVersion = 10.0.40219.1
Project("{FAE04EC0-301F-11D3-BF4B-00C04F79EFBC}") = "1-Domain", "1-Domain\1-Domain.csproj", "{54C538E7-E870-4491-9FA8-E36A9B6DC547}"
EndProject
Project("{FAE04EC0-301F-11D3-BF4B-00C04F79EFBC}") = "2-Persistent", "2-Persistent\2-Persistent.csproj", "{F512E9CA-EE3C-4E80-812B-43FA8403FBFA}"
EndProject
Project("{FAE04EC0-301F-11D3-BF4B-00C04F79EFBC}") = "3-Application", "3-Application\3-Application.csproj", "{9482E9C4-954A-4490-B05C-A184B72B7726}"
EndProject
Project("{FAE04EC0-301F-11D3-BF4B-00C04F79EFBC}") = "4-Infrastructure", "4-Infrastructure\4-Infrastructure.csproj", "{7A16F750-DDDC-4188-923A-E3E5F0F35551}"
EndProject
Project("{FAE04EC0-301F-11D3-BF4B-00C04F79EFBC}") = "5-JanperCab", "5-JanperCab\5-JanperCab.csproj", "{50146F67-1BC9-4D5A-89D9-6525031B5382}"
EndProject
Global
	GlobalSection(SolutionConfigurationPlatforms) = preSolution
		Debug|Any CPU = Debug|Any CPU
		Release|Any CPU = Release|Any CPU
	EndGlobalSection
	GlobalSection(ProjectConfigurationPlatforms) = postSolution
		{54C538E7-E870-4491-9FA8-E36A9B6DC547}.Debug|Any CPU.ActiveCfg = Debug|Any CPU
		{54C538E7-E870-4491-9FA8-E36A9B6DC547}.Debug|Any CPU.Build.0 = Debug|Any CPU
		{54C538E7-E870-4491-9FA8-E36A9B6DC547}.Release|Any CPU.ActiveCfg = Release|Any CPU
		{54C538E7-E870-4491-9FA8-E36A9B6DC547}.Release|Any CPU.Build.0 = Release|Any CPU
		{F512E9CA-EE3C-4E80-812B-43FA8403FBFA}.Debug|Any CPU.ActiveCfg = Debug|Any CPU
		{F512E9CA-EE3C-4E80-812B-43FA8403FBFA}.Debug|Any CPU.Build.0 = Debug|Any CPU
		{F512E9CA-EE3C-4E80-812B-43FA8403FBFA}.Release|Any CPU.ActiveCfg = Release|Any CPU
		{F512E9CA-EE3C-4E80-812B-43FA8403FBFA}.Release|Any CPU.Build.0 = Release|Any CPU
		{9482E9C4-954A-4490-B05C-A184B72B7726}.Debug|Any CPU.ActiveCfg = Debug|Any CPU
		{9482E9C4-954A-4490-B05C-A184B72B7726}.Debug|Any CPU.Build.0 = Debug|Any CPU
		{9482E9C4-954A-4490-B05C-A184B72B7726}.Release|Any CPU.ActiveCfg = Release|Any CPU
		{9482E9C4-954A-4490-B05C-A184B72B7726}.Release|Any CPU.Build.0 = Release|Any CPU
		{7A16F750-DDDC-4188-923A-E3E5F0F35551}.Debug|Any CPU.ActiveCfg = Debug|Any CPU
		{7A16F750-DDDC-4188-923A-E3E5F0F35551}.Debug|Any CPU.Build.0 = Debug|Any CPU
		{7A16F750-DDDC-4188-923A-E3E5F0F35551}.Release|Any CPU.ActiveCfg = Release|Any CPU
		{7A16F750-DDDC-4188-923A-E3E5F0F35551}.Release|Any CPU.Build.0 = Release|Any CPU
		{50146F67-1BC9-4D5A-89D9-6525031B5382}.Debug|Any CPU.ActiveCfg = Debug|Any CPU
		{50146F67-1BC9-4D5A-89D9-6525031B5382}.Debug|Any CPU.Build.0 = Debug|Any CPU
		{50146F67-1BC9-4D5A-89D9-6525031B5382}.Release|Any CPU.ActiveCfg = Release|Any CPU
		{50146F67-1BC9-4D5A-89D9-6525031B5382}.Release|Any CPU.Build.0 = Release|Any CPU
	EndGlobalSection
	GlobalSection(SolutionProperties) = preSolution
		HideSolutionNode = FALSE
	EndGlobalSection
	GlobalSection(ExtensibilityGlobals) = postSolution
		SolutionGuid = {9F4626DE-C057-4A56-B4DF-F94DC10D5EFE}
	EndGlobalSection
EndGlobal
